// !$*UTF8*$!
{
	archiveVersion = 1;
	classes = {
	};
	objectVersion = 55;
	objects = {

/* Begin PBXBuildFile section */
		212F21A42851DEE80042A742 /* CreateAppIconViewController.swift in Sources */ = {isa = PBXBuildFile; fileRef = 212F21A22851DEE80042A742 /* CreateAppIconViewController.swift */; };
		212F21A52851DEE80042A742 /* CreateAppIconViewController.xib in Resources */ = {isa = PBXBuildFile; fileRef = 212F21A32851DEE80042A742 /* CreateAppIconViewController.xib */; };
		2160B803284EE73200BB0AEC /* APPStoreModel.m in Sources */ = {isa = PBXBuildFile; fileRef = 2160B802284EE73200BB0AEC /* APPStoreModel.m */; };
		2160B806284F364300BB0AEC /* AddDetailViewController.swift in Sources */ = {isa = PBXBuildFile; fileRef = 2160B804284F364300BB0AEC /* AddDetailViewController.swift */; };
		2160B807284F364300BB0AEC /* AddDetailViewController.xib in Resources */ = {isa = PBXBuildFile; fileRef = 2160B805284F364300BB0AEC /* AddDetailViewController.xib */; };
		216B390228485DE800853F76 /* SearchAppViewController.swift in Sources */ = {isa = PBXBuildFile; fileRef = 216B390028485DE800853F76 /* SearchAppViewController.swift */; };
		216B390328485DE800853F76 /* SearchAppViewController.xib in Resources */ = {isa = PBXBuildFile; fileRef = 216B390128485DE800853F76 /* SearchAppViewController.xib */; };
		216B390828485E1A00853F76 /* SearchTableViewCell.swift in Sources */ = {isa = PBXBuildFile; fileRef = 216B390628485E1A00853F76 /* SearchTableViewCell.swift */; };
		216B390928485E1A00853F76 /* SearchTableViewCell.xib in Resources */ = {isa = PBXBuildFile; fileRef = 216B390728485E1A00853F76 /* SearchTableViewCell.xib */; };
		2186B839284069EC008FFF24 /* AppDelegate.swift in Sources */ = {isa = PBXBuildFile; fileRef = 2186B838284069EC008FFF24 /* AppDelegate.swift */; };
		2186B842284069EC008FFF24 /* Assets.xcassets in Resources */ = {isa = PBXBuildFile; fileRef = 2186B841284069EC008FFF24 /* Assets.xcassets */; };
		2186B845284069EC008FFF24 /* LaunchScreen.storyboard in Resources */ = {isa = PBXBuildFile; fileRef = 2186B843284069EC008FFF24 /* LaunchScreen.storyboard */; };
		21A32D502856E64B00491FB7 /* InterfaceService.swift in Sources */ = {isa = PBXBuildFile; fileRef = 21A32D4F2856E64B00491FB7 /* InterfaceService.swift */; };
		21A32D522857311600491FB7 /* String+DES.swift in Sources */ = {isa = PBXBuildFile; fileRef = 21A32D512857311600491FB7 /* String+DES.swift */; };
		21FB10D32846083A001159E9 /* SplashViewController.swift in Sources */ = {isa = PBXBuildFile; fileRef = 21FB10D22846083A001159E9 /* SplashViewController.swift */; };
		21FB10DA28460A87001159E9 /* GuideViewController.swift in Sources */ = {isa = PBXBuildFile; fileRef = 21FB10D828460A87001159E9 /* GuideViewController.swift */; };
		21FB10DE28460BF3001159E9 /* GuideView.swift in Sources */ = {isa = PBXBuildFile; fileRef = 21FB10DD28460BF3001159E9 /* GuideView.swift */; };
		30CC0CBD09B8AA621658F1AA /* libPods-Voice_copy.a in Frameworks */ = {isa = PBXBuildFile; fileRef = 35A8E04423D82A99F7E88416 /* libPods-Voice_copy.a */; };
/* End PBXBuildFile section */

/* Begin PBXFileReference section */
		212F21A22851DEE80042A742 /* CreateAppIconViewController.swift */ = {isa = PBXFileReference; lastKnownFileType = sourcecode.swift; path = CreateAppIconViewController.swift; sourceTree = "<group>"; };
		212F21A32851DEE80042A742 /* CreateAppIconViewController.xib */ = {isa = PBXFileReference; lastKnownFileType = file.xib; path = CreateAppIconViewController.xib; sourceTree = "<group>"; };
		2160B800284EE73100BB0AEC /* Voice_copy-Bridging-Header.h */ = {isa = PBXFileReference; lastKnownFileType = sourcecode.c.h; path = "Voice_copy-Bridging-Header.h"; sourceTree = "<group>"; };
		2160B801284EE73200BB0AEC /* APPStoreModel.h */ = {isa = PBXFileReference; lastKnownFileType = sourcecode.c.h; path = APPStoreModel.h; sourceTree = "<group>"; };
		2160B802284EE73200BB0AEC /* APPStoreModel.m */ = {isa = PBXFileReference; lastKnownFileType = sourcecode.c.objc; path = APPStoreModel.m; sourceTree = "<group>"; };
		2160B804284F364300BB0AEC /* AddDetailViewController.swift */ = {isa = PBXFileReference; lastKnownFileType = sourcecode.swift; path = AddDetailViewController.swift; sourceTree = "<group>"; };
		2160B805284F364300BB0AEC /* AddDetailViewController.xib */ = {isa = PBXFileReference; lastKnownFileType = file.xib; path = AddDetailViewController.xib; sourceTree = "<group>"; };
		216B390028485DE800853F76 /* SearchAppViewController.swift */ = {isa = PBXFileReference; lastKnownFileType = sourcecode.swift; path = SearchAppViewController.swift; sourceTree = "<group>"; };
		216B390128485DE800853F76 /* SearchAppViewController.xib */ = {isa = PBXFileReference; lastKnownFileType = file.xib; path = SearchAppViewController.xib; sourceTree = "<group>"; };
		216B390628485E1A00853F76 /* SearchTableViewCell.swift */ = {isa = PBXFileReference; lastKnownFileType = sourcecode.swift; path = SearchTableViewCell.swift; sourceTree = "<group>"; };
		216B390728485E1A00853F76 /* SearchTableViewCell.xib */ = {isa = PBXFileReference; lastKnownFileType = file.xib; path = SearchTableViewCell.xib; sourceTree = "<group>"; };
		2186B835284069EC008FFF24 /* Voice_copy.app */ = {isa = PBXFileReference; explicitFileType = wrapper.application; includeInIndex = 0; path = Voice_copy.app; sourceTree = BUILT_PRODUCTS_DIR; };
		2186B838284069EC008FFF24 /* AppDelegate.swift */ = {isa = PBXFileReference; lastKnownFileType = sourcecode.swift; path = AppDelegate.swift; sourceTree = "<group>"; };
		2186B841284069EC008FFF24 /* Assets.xcassets */ = {isa = PBXFileReference; lastKnownFileType = folder.assetcatalog; path = Assets.xcassets; sourceTree = "<group>"; };
		2186B844284069EC008FFF24 /* Base */ = {isa = PBXFileReference; lastKnownFileType = file.storyboard; name = Base; path = Base.lproj/LaunchScreen.storyboard; sourceTree = "<group>"; };
		2186B846284069EC008FFF24 /* Info.plist */ = {isa = PBXFileReference; lastKnownFileType = text.plist.xml; path = Info.plist; sourceTree = "<group>"; };
		21A32D4F2856E64B00491FB7 /* InterfaceService.swift */ = {isa = PBXFileReference; lastKnownFileType = sourcecode.swift; path = InterfaceService.swift; sourceTree = "<group>"; };
		21A32D512857311600491FB7 /* String+DES.swift */ = {isa = PBXFileReference; lastKnownFileType = sourcecode.swift; path = "String+DES.swift"; sourceTree = "<group>"; };
		21FB10D22846083A001159E9 /* SplashViewController.swift */ = {isa = PBXFileReference; lastKnownFileType = sourcecode.swift; path = SplashViewController.swift; sourceTree = "<group>"; };
		21FB10D828460A87001159E9 /* GuideViewController.swift */ = {isa = PBXFileReference; lastKnownFileType = sourcecode.swift; path = GuideViewController.swift; sourceTree = "<group>"; };
		21FB10DD28460BF3001159E9 /* GuideView.swift */ = {isa = PBXFileReference; lastKnownFileType = sourcecode.swift; path = GuideView.swift; sourceTree = "<group>"; };
		35A8E04423D82A99F7E88416 /* libPods-Voice_copy.a */ = {isa = PBXFileReference; explicitFileType = archive.ar; includeInIndex = 0; path = "libPods-Voice_copy.a"; sourceTree = BUILT_PRODUCTS_DIR; };
		3BEEC3A2FFAB8989C96EBC55 /* Pods-Voice_copy.release.xcconfig */ = {isa = PBXFileReference; includeInIndex = 1; lastKnownFileType = text.xcconfig; name = "Pods-Voice_copy.release.xcconfig"; path = "Target Support Files/Pods-Voice_copy/Pods-Voice_copy.release.xcconfig"; sourceTree = "<group>"; };
		DD30F908A8EC34D342B110E8 /* Pods-Voice_copy.debug.xcconfig */ = {isa = PBXFileReference; includeInIndex = 1; lastKnownFileType = text.xcconfig; name = "Pods-Voice_copy.debug.xcconfig"; path = "Target Support Files/Pods-Voice_copy/Pods-Voice_copy.debug.xcconfig"; sourceTree = "<group>"; };
/* End PBXFileReference section */

/* Begin PBXFrameworksBuildPhase section */
		2186B832284069EC008FFF24 /* Frameworks */ = {
			isa = PBXFrameworksBuildPhase;
			buildActionMask = 2147483647;
			files = (
				30CC0CBD09B8AA621658F1AA /* libPods-Voice_copy.a in Frameworks */,
			);
			runOnlyForDeploymentPostprocessing = 0;
		};
/* End PBXFrameworksBuildPhase section */

/* Begin PBXGroup section */
		0611710B53545D96A694CEE2 /* Frameworks */ = {
			isa = PBXGroup;
			children = (
				35A8E04423D82A99F7E88416 /* libPods-Voice_copy.a */,
			);
			name = Frameworks;
			sourceTree = "<group>";
		};
		1C8FB8ACF1B50F1703838DF3 /* Pods */ = {
			isa = PBXGroup;
			children = (
				DD30F908A8EC34D342B110E8 /* Pods-Voice_copy.debug.xcconfig */,
				3BEEC3A2FFAB8989C96EBC55 /* Pods-Voice_copy.release.xcconfig */,
			);
			path = Pods;
			sourceTree = "<group>";
		};
		216B38FF28485DBA00853F76 /* APP_Add */ = {
			isa = PBXGroup;
			children = (
				216B390028485DE800853F76 /* SearchAppViewController.swift */,
				216B390128485DE800853F76 /* SearchAppViewController.xib */,
				216B390628485E1A00853F76 /* SearchTableViewCell.swift */,
				216B390728485E1A00853F76 /* SearchTableViewCell.xib */,
				2160B804284F364300BB0AEC /* AddDetailViewController.swift */,
				2160B805284F364300BB0AEC /* AddDetailViewController.xib */,
				212F21A22851DEE80042A742 /* CreateAppIconViewController.swift */,
				212F21A32851DEE80042A742 /* CreateAppIconViewController.xib */,
				21A32D4F2856E64B00491FB7 /* InterfaceService.swift */,
				21A32D512857311600491FB7 /* String+DES.swift */,
			);
			path = APP_Add;
			sourceTree = "<group>";
		};
		2186B82C284069EC008FFF24 = {
			isa = PBXGroup;
			children = (
				2186B837284069EC008FFF24 /* Voice_copy */,
				2186B836284069EC008FFF24 /* Products */,
				1C8FB8ACF1B50F1703838DF3 /* Pods */,
				0611710B53545D96A694CEE2 /* Frameworks */,
			);
			sourceTree = "<group>";
		};
		2186B836284069EC008FFF24 /* Products */ = {
			isa = PBXGroup;
			children = (
				2186B835284069EC008FFF24 /* Voice_copy.app */,
			);
			name = Products;
			sourceTree = "<group>";
		};
		2186B837284069EC008FFF24 /* Voice_copy */ = {
			isa = PBXGroup;
			children = (
				216B38FF28485DBA00853F76 /* APP_Add */,
				21FB10DC28460A94001159E9 /* Guide */,
				21FB10D22846083A001159E9 /* SplashViewController.swift */,
				2186B838284069EC008FFF24 /* AppDelegate.swift */,
				2186B841284069EC008FFF24 /* Assets.xcassets */,
				2186B843284069EC008FFF24 /* LaunchScreen.storyboard */,
				2186B846284069EC008FFF24 /* Info.plist */,
				2160B801284EE73200BB0AEC /* APPStoreModel.h */,
				2160B802284EE73200BB0AEC /* APPStoreModel.m */,
				2160B800284EE73100BB0AEC /* Voice_copy-Bridging-Header.h */,
			);
			path = Voice_copy;
			sourceTree = "<group>";
		};
		21FB10DC28460A94001159E9 /* Guide */ = {
			isa = PBXGroup;
			children = (
				21FB10D828460A87001159E9 /* GuideViewController.swift */,
				21FB10DD28460BF3001159E9 /* GuideView.swift */,
			);
			path = Guide;
			sourceTree = "<group>";
		};
/* End PBXGroup section */

/* Begin PBXNativeTarget section */
		2186B834284069EC008FFF24 /* Voice_copy */ = {
			isa = PBXNativeTarget;
			buildConfigurationList = 2186B849284069EC008FFF24 /* Build configuration list for PBXNativeTarget "Voice_copy" */;
			buildPhases = (
				A19B788835038E77C1F79F85 /* [CP] Check Pods Manifest.lock */,
				2186B831284069EC008FFF24 /* Sources */,
				2186B832284069EC008FFF24 /* Frameworks */,
				2186B833284069EC008FFF24 /* Resources */,
				74CF1139EAA58BF747D44659 /* [CP] Copy Pods Resources */,
			);
			buildRules = (
			);
			dependencies = (
			);
			name = Voice_copy;
			productName = Voice_copy;
			productReference = 2186B835284069EC008FFF24 /* Voice_copy.app */;
			productType = "com.apple.product-type.application";
		};
/* End PBXNativeTarget section */

/* Begin PBXProject section */
		2186B82D284069EC008FFF24 /* Project object */ = {
			isa = PBXProject;
			attributes = {
				BuildIndependentTargetsInParallel = 1;
				LastSwiftUpdateCheck = 1340;
				LastUpgradeCheck = 1340;
				TargetAttributes = {
					2186B834284069EC008FFF24 = {
						CreatedOnToolsVersion = 13.4;
						LastSwiftMigration = 1340;
					};
				};
			};
			buildConfigurationList = 2186B830284069EC008FFF24 /* Build configuration list for PBXProject "Voice_copy" */;
			compatibilityVersion = "Xcode 13.0";
			developmentRegion = en;
			hasScannedForEncodings = 0;
			knownRegions = (
				en,
				Base,
			);
			mainGroup = 2186B82C284069EC008FFF24;
			productRefGroup = 2186B836284069EC008FFF24 /* Products */;
			projectDirPath = "";
			projectRoot = "";
			targets = (
				2186B834284069EC008FFF24 /* Voice_copy */,
			);
		};
/* End PBXProject section */

/* Begin PBXResourcesBuildPhase section */
		2186B833284069EC008FFF24 /* Resources */ = {
			isa = PBXResourcesBuildPhase;
			buildActionMask = 2147483647;
			files = (
				2186B845284069EC008FFF24 /* LaunchScreen.storyboard in Resources */,
				212F21A52851DEE80042A742 /* CreateAppIconViewController.xib in Resources */,
				2160B807284F364300BB0AEC /* AddDetailViewController.xib in Resources */,
				216B390928485E1A00853F76 /* SearchTableViewCell.xib in Resources */,
				216B390328485DE800853F76 /* SearchAppViewController.xib in Resources */,
				2186B842284069EC008FFF24 /* Assets.xcassets in Resources */,
			);
			runOnlyForDeploymentPostprocessing = 0;
		};
/* End PBXResourcesBuildPhase section */

/* Begin PBXShellScriptBuildPhase section */
		74CF1139EAA58BF747D44659 /* [CP] Copy Pods Resources */ = {
			isa = PBXShellScriptBuildPhase;
			buildActionMask = 2147483647;
			files = (
			);
			inputFileListPaths = (
				"${PODS_ROOT}/Target Support Files/Pods-Voice_copy/Pods-Voice_copy-resources-${CONFIGURATION}-input-files.xcfilelist",
			);
			name = "[CP] Copy Pods Resources";
			outputFileListPaths = (
				"${PODS_ROOT}/Target Support Files/Pods-Voice_copy/Pods-Voice_copy-resources-${CONFIGURATION}-output-files.xcfilelist",
			);
			runOnlyForDeploymentPostprocessing = 0;
			shellPath = /bin/sh;
			shellScript = "\"${PODS_ROOT}/Target Support Files/Pods-Voice_copy/Pods-Voice_copy-resources.sh\"\n";
			showEnvVarsInLog = 0;
		};
		A19B788835038E77C1F79F85 /* [CP] Check Pods Manifest.lock */ = {
			isa = PBXShellScriptBuildPhase;
			buildActionMask = 2147483647;
			files = (
			);
			inputFileListPaths = (
			);
			inputPaths = (
				"${PODS_PODFILE_DIR_PATH}/Podfile.lock",
				"${PODS_ROOT}/Manifest.lock",
			);
			name = "[CP] Check Pods Manifest.lock";
			outputFileListPaths = (
			);
			outputPaths = (
				"$(DERIVED_FILE_DIR)/Pods-Voice_copy-checkManifestLockResult.txt",
			);
			runOnlyForDeploymentPostprocessing = 0;
			shellPath = /bin/sh;
			shellScript = "diff \"${PODS_PODFILE_DIR_PATH}/Podfile.lock\" \"${PODS_ROOT}/Manifest.lock\" > /dev/null\nif [ $? != 0 ] ; then\n    # print error to STDERR\n    echo \"error: The sandbox is not in sync with the Podfile.lock. Run 'pod install' or update your CocoaPods installation.\" >&2\n    exit 1\nfi\n# This output is used by Xcode 'outputs' to avoid re-running this script phase.\necho \"SUCCESS\" > \"${SCRIPT_OUTPUT_FILE_0}\"\n";
			showEnvVarsInLog = 0;
		};
/* End PBXShellScriptBuildPhase section */

/* Begin PBXSourcesBuildPhase section */
		2186B831284069EC008FFF24 /* Sources */ = {
			isa = PBXSourcesBuildPhase;
			buildActionMask = 2147483647;
			files = (
				21FB10D32846083A001159E9 /* SplashViewController.swift in Sources */,
				21FB10DA28460A87001159E9 /* GuideViewController.swift in Sources */,
				212F21A42851DEE80042A742 /* CreateAppIconViewController.swift in Sources */,
				2160B803284EE73200BB0AEC /* APPStoreModel.m in Sources */,
				2160B806284F364300BB0AEC /* AddDetailViewController.swift in Sources */,
				2186B839284069EC008FFF24 /* AppDelegate.swift in Sources */,
				21A32D522857311600491FB7 /* String+DES.swift in Sources */,
				216B390828485E1A00853F76 /* SearchTableViewCell.swift in Sources */,
				21FB10DE28460BF3001159E9 /* GuideView.swift in Sources */,
				216B390228485DE800853F76 /* SearchAppViewController.swift in Sources */,
				21A32D502856E64B00491FB7 /* InterfaceService.swift in Sources */,
			);
			runOnlyForDeploymentPostprocessing = 0;
		};
/* End PBXSourcesBuildPhase section */

/* Begin PBXVariantGroup section */
		2186B843284069EC008FFF24 /* LaunchScreen.storyboard */ = {
			isa = PBXVariantGroup;
			children = (
				2186B844284069EC008FFF24 /* Base */,
			);
			name = LaunchScreen.storyboard;
			sourceTree = "<group>";
		};
/* End PBXVariantGroup section */

/* Begin XCBuildConfiguration section */
		2186B847284069EC008FFF24 /* Debug */ = {
			isa = XCBuildConfiguration;
			buildSettings = {
				ALWAYS_SEARCH_USER_PATHS = NO;
				CLANG_ANALYZER_NONNULL = YES;
				CLANG_ANALYZER_NUMBER_OBJECT_CONVERSION = YES_AGGRESSIVE;
				CLANG_CXX_LANGUAGE_STANDARD = "gnu++17";
				CLANG_ENABLE_MODULES = YES;
				CLANG_ENABLE_OBJC_ARC = YES;
				CLANG_ENABLE_OBJC_WEAK = YES;
				CLANG_WARN_BLOCK_CAPTURE_AUTORELEASING = YES;
				CLANG_WARN_BOOL_CONVERSION = YES;
				CLANG_WARN_COMMA = YES;
				CLANG_WARN_CONSTANT_CONVERSION = YES;
				CLANG_WARN_DEPRECATED_OBJC_IMPLEMENTATIONS = YES;
				CLANG_WARN_DIRECT_OBJC_ISA_USAGE = YES_ERROR;
				CLANG_WARN_DOCUMENTATION_COMMENTS = YES;
				CLANG_WARN_EMPTY_BODY = YES;
				CLANG_WARN_ENUM_CONVERSION = YES;
				CLANG_WARN_INFINITE_RECURSION = YES;
				CLANG_WARN_INT_CONVERSION = YES;
				CLANG_WARN_NON_LITERAL_NULL_CONVERSION = YES;
				CLANG_WARN_OBJC_IMPLICIT_RETAIN_SELF = YES;
				CLANG_WARN_OBJC_LITERAL_CONVERSION = YES;
				CLANG_WARN_OBJC_ROOT_CLASS = YES_ERROR;
				CLANG_WARN_QUOTED_INCLUDE_IN_FRAMEWORK_HEADER = YES;
				CLANG_WARN_RANGE_LOOP_ANALYSIS = YES;
				CLANG_WARN_STRICT_PROTOTYPES = YES;
				CLANG_WARN_SUSPICIOUS_MOVE = YES;
				CLANG_WARN_UNGUARDED_AVAILABILITY = YES_AGGRESSIVE;
				CLANG_WARN_UNREACHABLE_CODE = YES;
				CLANG_WARN__DUPLICATE_METHOD_MATCH = YES;
				COPY_PHASE_STRIP = NO;
				DEBUG_INFORMATION_FORMAT = dwarf;
				ENABLE_STRICT_OBJC_MSGSEND = YES;
				ENABLE_TESTABILITY = YES;
				GCC_C_LANGUAGE_STANDARD = gnu11;
				GCC_DYNAMIC_NO_PIC = NO;
				GCC_NO_COMMON_BLOCKS = YES;
				GCC_OPTIMIZATION_LEVEL = 0;
				GCC_PREPROCESSOR_DEFINITIONS = (
					"DEBUG=1",
					"$(inherited)",
				);
				GCC_WARN_64_TO_32_BIT_CONVERSION = YES;
				GCC_WARN_ABOUT_RETURN_TYPE = YES_ERROR;
				GCC_WARN_UNDECLARED_SELECTOR = YES;
				GCC_WARN_UNINITIALIZED_AUTOS = YES_AGGRESSIVE;
				GCC_WARN_UNUSED_FUNCTION = YES;
				GCC_WARN_UNUSED_VARIABLE = YES;
				IPHONEOS_DEPLOYMENT_TARGET = 15.4;
				MTL_ENABLE_DEBUG_INFO = INCLUDE_SOURCE;
				MTL_FAST_MATH = YES;
				ONLY_ACTIVE_ARCH = YES;
				SDKROOT = iphoneos;
				SWIFT_ACTIVE_COMPILATION_CONDITIONS = DEBUG;
				SWIFT_OPTIMIZATION_LEVEL = "-Onone";
			};
			name = Debug;
		};
		2186B848284069EC008FFF24 /* Release */ = {
			isa = XCBuildConfiguration;
			buildSettings = {
				ALWAYS_SEARCH_USER_PATHS = NO;
				CLANG_ANALYZER_NONNULL = YES;
				CLANG_ANALYZER_NUMBER_OBJECT_CONVERSION = YES_AGGRESSIVE;
				CLANG_CXX_LANGUAGE_STANDARD = "gnu++17";
				CLANG_ENABLE_MODULES = YES;
				CLANG_ENABLE_OBJC_ARC = YES;
				CLANG_ENABLE_OBJC_WEAK = YES;
				CLANG_WARN_BLOCK_CAPTURE_AUTORELEASING = YES;
				CLANG_WARN_BOOL_CONVERSION = YES;
				CLANG_WARN_COMMA = YES;
				CLANG_WARN_CONSTANT_CONVERSION = YES;
				CLANG_WARN_DEPRECATED_OBJC_IMPLEMENTATIONS = YES;
				CLANG_WARN_DIRECT_OBJC_ISA_USAGE = YES_ERROR;
				CLANG_WARN_DOCUMENTATION_COMMENTS = YES;
				CLANG_WARN_EMPTY_BODY = YES;
				CLANG_WARN_ENUM_CONVERSION = YES;
				CLANG_WARN_INFINITE_RECURSION = YES;
				CLANG_WARN_INT_CONVERSION = YES;
				CLANG_WARN_NON_LITERAL_NULL_CONVERSION = YES;
				CLANG_WARN_OBJC_IMPLICIT_RETAIN_SELF = YES;
				CLANG_WARN_OBJC_LITERAL_CONVERSION = YES;
				CLANG_WARN_OBJC_ROOT_CLASS = YES_ERROR;
				CLANG_WARN_QUOTED_INCLUDE_IN_FRAMEWORK_HEADER = YES;
				CLANG_WARN_RANGE_LOOP_ANALYSIS = YES;
				CLANG_WARN_STRICT_PROTOTYPES = YES;
				CLANG_WARN_SUSPICIOUS_MOVE = YES;
				CLANG_WARN_UNGUARDED_AVAILABILITY = YES_AGGRESSIVE;
				CLANG_WARN_UNREACHABLE_CODE = YES;
				CLANG_WARN__DUPLICATE_METHOD_MATCH = YES;
				COPY_PHASE_STRIP = NO;
				DEBUG_INFORMATION_FORMAT = "dwarf-with-dsym";
				ENABLE_NS_ASSERTIONS = NO;
				ENABLE_STRICT_OBJC_MSGSEND = YES;
				GCC_C_LANGUAGE_STANDARD = gnu11;
				GCC_NO_COMMON_BLOCKS = YES;
				GCC_WARN_64_TO_32_BIT_CONVERSION = YES;
				GCC_WARN_ABOUT_RETURN_TYPE = YES_ERROR;
				GCC_WARN_UNDECLARED_SELECTOR = YES;
				GCC_WARN_UNINITIALIZED_AUTOS = YES_AGGRESSIVE;
				GCC_WARN_UNUSED_FUNCTION = YES;
				GCC_WARN_UNUSED_VARIABLE = YES;
				IPHONEOS_DEPLOYMENT_TARGET = 15.4;
				MTL_ENABLE_DEBUG_INFO = NO;
				MTL_FAST_MATH = YES;
				SDKROOT = iphoneos;
				SWIFT_COMPILATION_MODE = wholemodule;
				SWIFT_OPTIMIZATION_LEVEL = "-O";
				VALIDATE_PRODUCT = YES;
			};
			name = Release;
		};
		2186B84A284069EC008FFF24 /* Debug */ = {
			isa = XCBuildConfiguration;
			baseConfigurationReference = DD30F908A8EC34D342B110E8 /* Pods-Voice_copy.debug.xcconfig */;
			buildSettings = {
				ASSETCATALOG_COMPILER_APPICON_NAME = AppIcon;
				ASSETCATALOG_COMPILER_GLOBAL_ACCENT_COLOR_NAME = AccentColor;
				CLANG_ENABLE_MODULES = YES;
				CODE_SIGN_STYLE = Automatic;
				CURRENT_PROJECT_VERSION = 1;
				DEVELOPMENT_TEAM = 56M9G56M39;
				GENERATE_INFOPLIST_FILE = YES;
				INFOPLIST_FILE = Voice_copy/Info.plist;
				INFOPLIST_KEY_UIApplicationSupportsIndirectInputEvents = YES;
				INFOPLIST_KEY_UILaunchStoryboardName = LaunchScreen;
				INFOPLIST_KEY_UISupportedInterfaceOrientations_iPad = "UIInterfaceOrientationPortrait UIInterfaceOrientationPortraitUpsideDown UIInterfaceOrientationLandscapeLeft UIInterfaceOrientationLandscapeRight";
				INFOPLIST_KEY_UISupportedInterfaceOrientations_iPhone = "UIInterfaceOrientationPortrait UIInterfaceOrientationLandscapeLeft UIInterfaceOrientationLandscapeRight";
				IPHONEOS_DEPLOYMENT_TARGET = 15.4;
				LD_RUNPATH_SEARCH_PATHS = (
					"$(inherited)",
					"@executable_path/Frameworks",
				);
				MARKETING_VERSION = 1.0;
				PRODUCT_BUNDLE_IDENTIFIER = "com.zhennan.wlqs.Voice-copy";
				PRODUCT_NAME = "$(TARGET_NAME)";
				SWIFT_EMIT_LOC_STRINGS = YES;
				SWIFT_OBJC_BRIDGING_HEADER = "Voice_copy/Voice_copy-Bridging-Header.h";
				SWIFT_OPTIMIZATION_LEVEL = "-Onone";
				SWIFT_VERSION = 5.0;
				TARGETED_DEVICE_FAMILY = 1;
			};
			name = Debug;
		};
		2186B84B284069EC008FFF24 /* Release */ = {
			isa = XCBuildConfiguration;
			baseConfigurationReference = 3BEEC3A2FFAB8989C96EBC55 /* Pods-Voice_copy.release.xcconfig */;
			buildSettings = {
				ASSETCATALOG_COMPILER_APPICON_NAME = AppIcon;
				ASSETCATALOG_COMPILER_GLOBAL_ACCENT_COLOR_NAME = AccentColor;
				CLANG_ENABLE_MODULES = YES;
				CODE_SIGN_STYLE = Automatic;
				CURRENT_PROJECT_VERSION = 1;
				DEVELOPMENT_TEAM = 56M9G56M39;
				GENERATE_INFOPLIST_FILE = YES;
				INFOPLIST_FILE = Voice_copy/Info.plist;
				INFOPLIST_KEY_UIApplicationSupportsIndirectInputEvents = YES;
				INFOPLIST_KEY_UILaunchStoryboardName = LaunchScreen;
				INFOPLIST_KEY_UISupportedInterfaceOrientations_iPad = "UIInterfaceOrientationPortrait UIInterfaceOrientationPortraitUpsideDown UIInterfaceOrientationLandscapeLeft UIInterfaceOrientationLandscapeRight";
				INFOPLIST_KEY_UISupportedInterfaceOrientations_iPhone = "UIInterfaceOrientationPortrait UIInterfaceOrientationLandscapeLeft UIInterfaceOrientationLandscapeRight";
				IPHONEOS_DEPLOYMENT_TARGET = 15.4;
				LD_RUNPATH_SEARCH_PATHS = (
					"$(inherited)",
					"@executable_path/Frameworks",
				);
				MARKETING_VERSION = 1.0;
				PRODUCT_BUNDLE_IDENTIFIER = "com.zhennan.wlqs.Voice-copy";
				PRODUCT_NAME = "$(TARGET_NAME)";
				SWIFT_EMIT_LOC_STRINGS = YES;
				SWIFT_OBJC_BRIDGING_HEADER = "Voice_copy/Voice_copy-Bridging-Header.h";
				SWIFT_VERSION = 5.0;
				TARGETED_DEVICE_FAMILY = 1;
			};
			name = Release;
		};
/* End XCBuildConfiguration section */

/* Begin XCConfigurationList section */
		2186B830284069EC008FFF24 /* Build configuration list for PBXProject "Voice_copy" */ = {
			isa = XCConfigurationList;
			buildConfigurations = (
				2186B847284069EC008FFF24 /* Debug */,
				2186B848284069EC008FFF24 /* Release */,
			);
			defaultConfigurationIsVisible = 0;
			defaultConfigurationName = Release;
		};
		2186B849284069EC008FFF24 /* Build configuration list for PBXNativeTarget "Voice_copy" */ = {
			isa = XCConfigurationList;
			buildConfigurations = (
				2186B84A284069EC008FFF24 /* Debug */,
				2186B84B284069EC008FFF24 /* Release */,
			);
			defaultConfigurationIsVisible = 0;
			defaultConfigurationName = Release;
		};
/* End XCConfigurationList section */
	};
	rootObject = 2186B82D284069EC008FFF24 /* Project object */;
}
